
Microsoft Visual Studio Solution File, Format Version 12.00
# Visual Studio Version 16
VisualStudioVersion = 16.0.34407.143
MinimumVisualStudioVersion = 10.0.40219.1
Project("{9A19103F-16F7-4668-BE54-9A1E7A4F7556}") = "MiscHandler", "MiscHandler.csproj", "{2D4194A1-8B3B-4550-8038-A450DA48453C}"
EndProject
Global
	GlobalSection(SolutionConfigurationPlatforms) = preSolution
		Debug|Any CPU = Debug|Any CPU
		Release|Any CPU = Release|Any CPU
	EndGlobalSection
	GlobalSection(ProjectConfigurationPlatforms) = postSolution
		{2D4194A1-8B3B-4550-8038-A450DA48453C}.Debug|Any CPU.ActiveCfg = Debug|Any CPU
		{2D4194A1-8B3B-4550-8038-A450DA48453C}.Debug|Any CPU.Build.0 = Debug|Any CPU
		{2D4194A1-8B3B-4550-8038-A450DA48453C}.Release|Any CPU.ActiveCfg = Release|Any CPU
		{2D4194A1-8B3B-4550-8038-A450DA48453C}.Release|Any CPU.Build.0 = Release|Any CPU
	EndGlobalSection
	GlobalSection(SolutionProperties) = preSolution
		HideSolutionNode = FALSE
	EndGlobalSection
	GlobalSection(ExtensibilityGlobals) = postSolution
		SolutionGuid = {97C545AB-1602-4F57-9118-52F627E18CAF}
	EndGlobalSection
EndGlobal
